
Microsoft Visual Studio Solution File, Format Version 12.00
# Visual Studio Version 16
VisualStudioVersion = 16.0.31321.278
MinimumVisualStudioVersion = 10.0.40219.1
Project("{9A19103F-16F7-4668-BE54-9A1E7A4F7556}") = "BasicMVVM.WPF", "BasicMVVM.WPF\BasicMVVM.WPF.csproj", "{25E82EA4-4E2E-4363-9A41-DAE332C5600B}"
EndProject
Project("{2150E333-8FDC-42A3-9474-1A3956D46DE8}") = "Tests", "Tests", "{1983BA5C-304A-430B-9FD4-ADB6A50C88B5}"
EndProject
Project("{9A19103F-16F7-4668-BE54-9A1E7A4F7556}") = "WpfTest", "Tests\WpfTest\WpfTest.csproj", "{2FE2EFCD-CC8B-4711-ACD7-3C1571B35762}"
EndProject
Project("{9A19103F-16F7-4668-BE54-9A1E7A4F7556}") = "ConsoleTest", "Tests\ConsoleTest\ConsoleTest.csproj", "{367C3F4D-9C7A-4B66-B5C8-52920F9236BE}"
EndProject
Project("{9A19103F-16F7-4668-BE54-9A1E7A4F7556}") = "BasicMVVM.Core", "BasicMVVM.Core\BasicMVVM.Core.csproj", "{5D167CA6-02D1-42AB-BF9D-4BFB21C75059}"
EndProject
Project("{FAE04EC0-301F-11D3-BF4B-00C04F79EFBC}") = "SquirrelHelper", "SquirrelHelper\SquirrelHelper.csproj", "{F7B982A2-CB6D-4E71-9E5D-FC8EFA9A6E45}"
EndProject
Global
	GlobalSection(SolutionConfigurationPlatforms) = preSolution
		Debug|Any CPU = Debug|Any CPU
		Release|Any CPU = Release|Any CPU
	EndGlobalSection
	GlobalSection(ProjectConfigurationPlatforms) = postSolution
		{25E82EA4-4E2E-4363-9A41-DAE332C5600B}.Debug|Any CPU.ActiveCfg = Debug|Any CPU
		{25E82EA4-4E2E-4363-9A41-DAE332C5600B}.Debug|Any CPU.Build.0 = Debug|Any CPU
		{25E82EA4-4E2E-4363-9A41-DAE332C5600B}.Release|Any CPU.ActiveCfg = Release|Any CPU
		{25E82EA4-4E2E-4363-9A41-DAE332C5600B}.Release|Any CPU.Build.0 = Release|Any CPU
		{2FE2EFCD-CC8B-4711-ACD7-3C1571B35762}.Debug|Any CPU.ActiveCfg = Debug|Any CPU
		{2FE2EFCD-CC8B-4711-ACD7-3C1571B35762}.Debug|Any CPU.Build.0 = Debug|Any CPU
		{2FE2EFCD-CC8B-4711-ACD7-3C1571B35762}.Release|Any CPU.ActiveCfg = Release|Any CPU
		{2FE2EFCD-CC8B-4711-ACD7-3C1571B35762}.Release|Any CPU.Build.0 = Release|Any CPU
		{367C3F4D-9C7A-4B66-B5C8-52920F9236BE}.Debug|Any CPU.ActiveCfg = Debug|Any CPU
		{367C3F4D-9C7A-4B66-B5C8-52920F9236BE}.Debug|Any CPU.Build.0 = Debug|Any CPU
		{367C3F4D-9C7A-4B66-B5C8-52920F9236BE}.Release|Any CPU.ActiveCfg = Release|Any CPU
		{367C3F4D-9C7A-4B66-B5C8-52920F9236BE}.Release|Any CPU.Build.0 = Release|Any CPU
		{5D167CA6-02D1-42AB-BF9D-4BFB21C75059}.Debug|Any CPU.ActiveCfg = Debug|Any CPU
		{5D167CA6-02D1-42AB-BF9D-4BFB21C75059}.Debug|Any CPU.Build.0 = Debug|Any CPU
		{5D167CA6-02D1-42AB-BF9D-4BFB21C75059}.Release|Any CPU.ActiveCfg = Release|Any CPU
		{5D167CA6-02D1-42AB-BF9D-4BFB21C75059}.Release|Any CPU.Build.0 = Release|Any CPU
		{F7B982A2-CB6D-4E71-9E5D-FC8EFA9A6E45}.Debug|Any CPU.ActiveCfg = Debug|Any CPU
		{F7B982A2-CB6D-4E71-9E5D-FC8EFA9A6E45}.Debug|Any CPU.Build.0 = Debug|Any CPU
		{F7B982A2-CB6D-4E71-9E5D-FC8EFA9A6E45}.Release|Any CPU.ActiveCfg = Release|Any CPU
		{F7B982A2-CB6D-4E71-9E5D-FC8EFA9A6E45}.Release|Any CPU.Build.0 = Release|Any CPU
	EndGlobalSection
	GlobalSection(SolutionProperties) = preSolution
		HideSolutionNode = FALSE
	EndGlobalSection
	GlobalSection(NestedProjects) = preSolution
		{2FE2EFCD-CC8B-4711-ACD7-3C1571B35762} = {1983BA5C-304A-430B-9FD4-ADB6A50C88B5}
		{367C3F4D-9C7A-4B66-B5C8-52920F9236BE} = {1983BA5C-304A-430B-9FD4-ADB6A50C88B5}
	EndGlobalSection
	GlobalSection(ExtensibilityGlobals) = postSolution
		SolutionGuid = {5FAD3B9F-92BA-449E-BA98-8EAB1A6E8EB9}
	EndGlobalSection
EndGlobal
